{
  "name": "js13k",
  "lockfileVersion": 2,
  "requires": true,
  "packages": {
    "": {
      "dependencies": {
        "google-closure-compiler-java": "^20210601.0.0"
      }
    },
    "node_modules/google-closure-compiler-java": {
      "version": "20210601.0.0",
      "resolved": "https://registry.npmjs.org/google-closure-compiler-java/-/google-closure-compiler-java-20210601.0.0.tgz",
      "integrity": "sha512-bH6nIwOmp4qDWvlbXx5/DE3XA2aDGQoCpmRYZJGONY1Sy6Xfbq0ioXRHH9eBDP9hxhCJ5Sd/K89A0NZ8Nz9RJA=="
    }
  },
  "dependencies": {
    "google-closure-compiler-java": {
      "version": "20210601.0.0",
      "resolved": "https://registry.npmjs.org/google-closure-compiler-java/-/google-closure-compiler-java-20210601.0.0.tgz",
      "integrity": "sha512-bH6nIwOmp4qDWvlbXx5/DE3XA2aDGQoCpmRYZJGONY1Sy6Xfbq0ioXRHH9eBDP9hxhCJ5Sd/K89A0NZ8Nz9RJA=="
    }
  }
}
